{
  "version": 4,
  "terraform_version": "0.12.9",
  "serial": 31,
  "lineage": "8505649c-cbd2-58b1-a926-b5743621ccf9",
  "outputs": {
    "ecr_repo_url": {
      "value": "100753669199.dkr.ecr.eu-west-2.amazonaws.com/seannyrepo",
      "type": "string"
    },
    "ecs_cluster_name": {
      "value": "seanyreport-prod-ecs-cluster",
      "type": "string"
    },
    "ecs_service_name": {
      "value": "seanyreport-prod-web",
      "type": "string"
    },
    "load_balancer_address": {
      "value": "seanyreport-prod-alb-967712743.eu-west-2.elb.amazonaws.com",
      "type": "string"
    }
  },
  "resources": [
    {
      "mode": "data",
      "type": "aws_availability_zones",
      "name": "available",
      "provider": "provider.aws",
      "instances": [
        {
          "schema_version": 0,
          "attributes": {
            "blacklisted_names": null,
            "blacklisted_zone_ids": null,
            "id": "2019-10-17 22:43:34.825190646 +0000 UTC",
            "names": [
              "eu-west-2a",
              "eu-west-2b",
              "eu-west-2c"
            ],
            "state": null,
            "zone_ids": [
              "euw2-az2",
              "euw2-az3",
              "euw2-az1"
            ]
          }
        }
      ]
    },
    {
      "mode": "managed",
      "type": "aws_alb_listener",
      "name": "http",
      "provider": "provider.aws",
      "instances": [
        {
          "schema_version": 0,
          "attributes": {
            "arn": "arn:aws:elasticloadbalancing:eu-west-2:100753669199:listener/app/seanyreport-prod-alb/347d9bd8c2e9728a/34f340d4f0970bc6",
            "certificate_arn": null,
            "default_action": [
              {
                "authenticate_cognito": [],
                "authenticate_oidc": [],
                "fixed_response": [],
                "order": 1,
                "redirect": [],
                "target_group_arn": "arn:aws:elasticloadbalancing:eu-west-2:100753669199:targetgroup/seanyreport-prod-target-grp/8f4fbc96a744aa66",
                "type": "forward"
              }
            ],
            "id": "arn:aws:elasticloadbalancing:eu-west-2:100753669199:listener/app/seanyreport-prod-alb/347d9bd8c2e9728a/34f340d4f0970bc6",
            "load_balancer_arn": "arn:aws:elasticloadbalancing:eu-west-2:100753669199:loadbalancer/app/seanyreport-prod-alb/347d9bd8c2e9728a",
            "port": 80,
            "protocol": "HTTP",
            "ssl_policy": "",
            "timeouts": null
          },
          "private": "eyJlMmJmYjczMC1lY2FhLTExZTYtOGY4OC0zNDM2M2JjN2M0YzAiOnsicmVhZCI6NjAwMDAwMDAwMDAwfX0=",
          "depends_on": [
            "aws_alb_target_group.tg",
            "aws_lb.alb"
          ]
        }
      ]
    },
    {
      "mode": "managed",
      "type": "aws_alb_target_group",
      "name": "tg",
      "provider": "provider.aws",
      "instances": [
        {
          "schema_version": 0,
          "attributes": {
            "arn": "arn:aws:elasticloadbalancing:eu-west-2:100753669199:targetgroup/seanyreport-prod-target-grp/8f4fbc96a744aa66",
            "arn_suffix": "targetgroup/seanyreport-prod-target-grp/8f4fbc96a744aa66",
            "deregistration_delay": 300,
            "health_check": [
              {
                "enabled": true,
                "healthy_threshold": 5,
                "interval": 30,
                "matcher": "200",
                "path": "/",
                "port": "traffic-port",
                "protocol": "HTTP",
                "timeout": 5,
                "unhealthy_threshold": 2
              }
            ],
            "id": "arn:aws:elasticloadbalancing:eu-west-2:100753669199:targetgroup/seanyreport-prod-target-grp/8f4fbc96a744aa66",
            "lambda_multi_value_headers_enabled": false,
            "name": "seanyreport-prod-target-grp",
            "name_prefix": null,
            "port": 3000,
            "protocol": "HTTP",
            "proxy_protocol_v2": false,
            "slow_start": 0,
            "stickiness": [
              {
                "cookie_duration": 86400,
                "enabled": false,
                "type": "lb_cookie"
              }
            ],
            "tags": {
              "environment": "prod",
              "managed_by": "seannyeagles"
            },
            "target_type": "ip",
            "vpc_id": "vpc-0da12e3dac4cc00db"
          },
          "private": "bnVsbA==",
          "depends_on": [
            "aws_vpc.vpc"
          ]
        }
      ]
    },
    {
      "mode": "managed",
      "type": "aws_cloudwatch_log_group",
      "name": "ecs_log_grp",
      "provider": "provider.aws",
      "instances": [
        {
          "schema_version": 0,
          "attributes": {
            "arn": "arn:aws:logs:eu-west-2:100753669199:log-group:/ecs/seanyreport-prod:*",
            "id": "/ecs/seanyreport-prod",
            "kms_key_id": "",
            "name": "/ecs/seanyreport-prod",
            "name_prefix": null,
            "retention_in_days": 0,
            "tags": {
              "environment": "prod",
              "managed_by": "seannyeagles",
              "name": "seanyreport-prod-log-group"
            }
          },
          "private": "bnVsbA=="
        }
      ]
    },
    {
      "mode": "managed",
      "type": "aws_ecr_repository",
      "name": "ecr_repo",
      "provider": "provider.aws",
      "instances": [
        {
          "schema_version": 0,
          "attributes": {
            "arn": "arn:aws:ecr:eu-west-2:100753669199:repository/seannyrepo",
            "id": "seannyrepo",
            "image_tag_mutability": "MUTABLE",
            "name": "seannyrepo",
            "registry_id": "100753669199",
            "repository_url": "100753669199.dkr.ecr.eu-west-2.amazonaws.com/seannyrepo",
            "tags": null,
            "timeouts": null
          },
          "private": "eyJlMmJmYjczMC1lY2FhLTExZTYtOGY4OC0zNDM2M2JjN2M0YzAiOnsiZGVsZXRlIjoxMjAwMDAwMDAwMDAwfX0="
        }
      ]
    },
    {
      "mode": "managed",
      "type": "aws_ecs_cluster",
      "name": "cluster",
      "provider": "provider.aws",
      "instances": [
        {
          "schema_version": 0,
          "attributes": {
            "arn": "arn:aws:ecs:eu-west-2:100753669199:cluster/seanyreport-prod-ecs-cluster",
            "id": "arn:aws:ecs:eu-west-2:100753669199:cluster/seanyreport-prod-ecs-cluster",
            "name": "seanyreport-prod-ecs-cluster",
            "setting": [
              {
                "name": "containerInsights",
                "value": "disabled"
              }
            ],
            "tags": null
          },
          "private": "bnVsbA=="
        }
      ]
    },
    {
      "mode": "managed",
      "type": "aws_ecs_service",
      "name": "web",
      "provider": "provider.aws",
      "instances": [
        {
          "schema_version": 0,
          "attributes": {
            "cluster": "arn:aws:ecs:eu-west-2:100753669199:cluster/seanyreport-prod-ecs-cluster",
            "deployment_controller": [
              {
                "type": "ECS"
              }
            ],
            "deployment_maximum_percent": 200,
            "deployment_minimum_healthy_percent": 100,
            "desired_count": 2,
            "enable_ecs_managed_tags": false,
            "health_check_grace_period_seconds": 0,
            "iam_role": "aws-service-role",
            "id": "arn:aws:ecs:eu-west-2:100753669199:service/seanyreport-prod-web",
            "launch_type": "FARGATE",
            "load_balancer": [
              {
                "container_name": "web_1",
                "container_port": 3000,
                "elb_name": "",
                "target_group_arn": "arn:aws:elasticloadbalancing:eu-west-2:100753669199:targetgroup/seanyreport-prod-target-grp/8f4fbc96a744aa66"
              }
            ],
            "name": "seanyreport-prod-web",
            "network_configuration": [
              {
                "assign_public_ip": false,
                "security_groups": [
                  "sg-0c860bc1bb66ad02b"
                ],
                "subnets": [
                  "subnet-0447fb7aa3c6447f5",
                  "subnet-0ec53c9434bcb1470"
                ]
              }
            ],
            "ordered_placement_strategy": [],
            "placement_constraints": [],
            "placement_strategy": [],
            "platform_version": "LATEST",
            "propagate_tags": "NONE",
            "scheduling_strategy": "REPLICA",
            "service_registries": [],
            "tags": null,
            "task_definition": "arn:aws:ecs:eu-west-2:100753669199:task-definition/webworker:15"
          },
          "private": "bnVsbA==",
          "depends_on": [
            "aws_alb_listener.http",
            "aws_alb_target_group.tg",
            "aws_ecs_cluster.cluster",
            "aws_ecs_task_definition.web_task",
            "aws_security_group.ecs_service",
            "aws_subnet.private"
          ]
        }
      ]
    },
    {
      "mode": "managed",
      "type": "aws_ecs_task_definition",
      "name": "web_task",
      "provider": "provider.aws",
      "instances": [
        {
          "schema_version": 1,
          "attributes": {
            "arn": "arn:aws:ecs:eu-west-2:100753669199:task-definition/webworker:15",
            "container_definitions": "[{\"cpu\":0,\"environment\":[],\"essential\":true,\"image\":\"100753669199.dkr.ecr.eu-west-2.amazonaws.com/seannyrepo\",\"logConfiguration\":{\"logDriver\":\"awslogs\",\"options\":{\"awslogs-group\":\"/ecs/seanyreport-prod\",\"awslogs-region\":\"eu-west-2\",\"awslogs-stream-prefix\":\"ecs-fargate\"}},\"memoryReservation\":300,\"mountPoints\":[],\"name\":\"web_1\",\"portMappings\":[{\"containerPort\":3000,\"hostPort\":3000,\"protocol\":\"tcp\"}],\"volumesFrom\":[]}]",
            "cpu": "256",
            "execution_role_arn": "arn:aws:iam::100753669199:role/ecs-task-execution-role",
            "family": "webworker",
            "id": "webworker",
            "ipc_mode": null,
            "memory": "512",
            "network_mode": "awsvpc",
            "pid_mode": null,
            "placement_constraints": [],
            "proxy_configuration": [],
            "requires_compatibilities": [
              "FARGATE"
            ],
            "revision": 15,
            "tags": null,
            "task_role_arn": "",
            "volume": []
          },
          "private": "eyJzY2hlbWFfdmVyc2lvbiI6IjEifQ==",
          "depends_on": [
            "aws_cloudwatch_log_group.ecs_log_grp",
            "aws_ecr_repository.ecr_repo",
            "aws_iam_role.ecs_execution_role"
          ]
        }
      ]
    },
    {
      "mode": "managed",
      "type": "aws_eip",
      "name": "nat",
      "each": "list",
      "provider": "provider.aws",
      "instances": [
        {
          "index_key": 0,
          "schema_version": 0,
          "attributes": {
            "allocation_id": null,
            "associate_with_private_ip": null,
            "association_id": "",
            "domain": "vpc",
            "id": "eipalloc-0566ad33be80b8e58",
            "instance": "",
            "network_interface": "",
            "private_dns": null,
            "private_ip": "",
            "public_dns": "ec2-3-10-111-162.eu-west-2.compute.amazonaws.com",
            "public_ip": "3.10.111.162",
            "public_ipv4_pool": "amazon",
            "tags": null,
            "timeouts": null,
            "vpc": true
          },
          "private": "eyJlMmJmYjczMC1lY2FhLTExZTYtOGY4OC0zNDM2M2JjN2M0YzAiOnsiZGVsZXRlIjoxODAwMDAwMDAwMDAsInJlYWQiOjkwMDAwMDAwMDAwMCwidXBkYXRlIjozMDAwMDAwMDAwMDB9fQ=="
        },
        {
          "index_key": 1,
          "schema_version": 0,
          "attributes": {
            "allocation_id": null,
            "associate_with_private_ip": null,
            "association_id": "",
            "domain": "vpc",
            "id": "eipalloc-09e9a171093c4ee83",
            "instance": "",
            "network_interface": "",
            "private_dns": null,
            "private_ip": "",
            "public_dns": "ec2-3-10-159-204.eu-west-2.compute.amazonaws.com",
            "public_ip": "3.10.159.204",
            "public_ipv4_pool": "amazon",
            "tags": null,
            "timeouts": null,
            "vpc": true
          },
          "private": "eyJlMmJmYjczMC1lY2FhLTExZTYtOGY4OC0zNDM2M2JjN2M0YzAiOnsiZGVsZXRlIjoxODAwMDAwMDAwMDAsInJlYWQiOjkwMDAwMDAwMDAwMCwidXBkYXRlIjozMDAwMDAwMDAwMDB9fQ=="
        }
      ]
    },
    {
      "mode": "managed",
      "type": "aws_iam_role",
      "name": "ecs_execution_role",
      "provider": "provider.aws",
      "instances": [
        {
          "schema_version": 0,
          "attributes": {
            "arn": "arn:aws:iam::100753669199:role/ecs-task-execution-role",
            "assume_role_policy": "{\"Version\":\"2012-10-17\",\"Statement\":[{\"Effect\":\"Allow\",\"Principal\":{\"Service\":[\"batch.amazonaws.com\",\"ecs.amazonaws.com\",\"ecs-tasks.amazonaws.com\"]},\"Action\":\"sts:AssumeRole\"}]}",
            "create_date": "2019-10-17T22:43:37Z",
            "description": "",
            "force_detach_policies": false,
            "id": "ecs-task-execution-role",
            "max_session_duration": 3600,
            "name": "ecs-task-execution-role",
            "name_prefix": null,
            "path": "/",
            "permissions_boundary": null,
            "tags": null,
            "unique_id": "AROARO5LC7RHVEW4N63NB"
          },
          "private": "bnVsbA=="
        }
      ]
    },
    {
      "mode": "managed",
      "type": "aws_iam_role_policy",
      "name": "ecs_execution_role_policy",
      "provider": "provider.aws",
      "instances": [
        {
          "schema_version": 0,
          "attributes": {
            "id": "ecs-task-execution-role:ecs-execution-role-policy",
            "name": "ecs-execution-role-policy",
            "name_prefix": null,
            "policy": "{\n  \"Version\": \"2012-10-17\",\n  \"Statement\": [\n    {\n      \"Effect\": \"Allow\",\n      \"Action\": [\n        \"ecr:GetAuthorizationToken\",\n        \"ecr:BatchCheckLayerAvailability\",\n        \"ecr:GetDownloadUrlForLayer\",\n        \"ecr:GetRepositoryPolicy\",\n        \"ecr:DescribeRepositories\",\n        \"ecr:ListImages\",\n        \"ecr:DescribeImages\",\n        \"ecr:BatchGetImage\",\n        \"logs:*\"\n      ],\n      \"Resource\": \"*\"\n    }\n  ]\n}",
            "role": "ecs-task-execution-role"
          },
          "private": "bnVsbA==",
          "depends_on": [
            "aws_iam_role.ecs_execution_role"
          ]
        }
      ]
    },
    {
      "mode": "managed",
      "type": "aws_internet_gateway",
      "name": "ig",
      "provider": "provider.aws",
      "instances": [
        {
          "schema_version": 0,
          "attributes": {
            "id": "igw-06fce35b76dabb803",
            "owner_id": "100753669199",
            "tags": {
              "Name": "seanyreport-prod-ig",
              "environment": "prod",
              "managed_by": "seannyeagles"
            },
            "vpc_id": "vpc-0da12e3dac4cc00db"
          },
          "private": "bnVsbA==",
          "depends_on": [
            "aws_vpc.vpc"
          ]
        }
      ]
    },
    {
      "mode": "managed",
      "type": "aws_lb",
      "name": "alb",
      "provider": "provider.aws",
      "instances": [
        {
          "schema_version": 0,
          "attributes": {
            "access_logs": [
              {
                "bucket": "",
                "enabled": false,
                "prefix": ""
              }
            ],
            "arn": "arn:aws:elasticloadbalancing:eu-west-2:100753669199:loadbalancer/app/seanyreport-prod-alb/347d9bd8c2e9728a",
            "arn_suffix": "app/seanyreport-prod-alb/347d9bd8c2e9728a",
            "dns_name": "seanyreport-prod-alb-967712743.eu-west-2.elb.amazonaws.com",
            "enable_cross_zone_load_balancing": null,
            "enable_deletion_protection": false,
            "enable_http2": true,
            "id": "arn:aws:elasticloadbalancing:eu-west-2:100753669199:loadbalancer/app/seanyreport-prod-alb/347d9bd8c2e9728a",
            "idle_timeout": 60,
            "internal": false,
            "ip_address_type": "ipv4",
            "load_balancer_type": "application",
            "name": "seanyreport-prod-alb",
            "name_prefix": null,
            "security_groups": [
              "sg-092f302dd82c94dac"
            ],
            "subnet_mapping": [
              {
                "allocation_id": "",
                "subnet_id": "subnet-05ebf994c12e5ccfe"
              },
              {
                "allocation_id": "",
                "subnet_id": "subnet-0e1ff9d5ccfc95d8c"
              }
            ],
            "subnets": [
              "subnet-05ebf994c12e5ccfe",
              "subnet-0e1ff9d5ccfc95d8c"
            ],
            "tags": {
              "environment": "prod",
              "managed_by": "seannyeagles"
            },
            "timeouts": null,
            "vpc_id": "vpc-0da12e3dac4cc00db",
            "zone_id": "ZHURV8PSTC4K8"
          },
          "private": "eyJlMmJmYjczMC1lY2FhLTExZTYtOGY4OC0zNDM2M2JjN2M0YzAiOnsiY3JlYXRlIjo2MDAwMDAwMDAwMDAsImRlbGV0ZSI6NjAwMDAwMDAwMDAwLCJ1cGRhdGUiOjYwMDAwMDAwMDAwMH19",
          "depends_on": [
            "aws_security_group.alb_sg",
            "aws_subnet.public"
          ]
        }
      ]
    },
    {
      "mode": "managed",
      "type": "aws_nat_gateway",
      "name": "gw",
      "each": "list",
      "provider": "provider.aws",
      "instances": [
        {
          "index_key": 0,
          "schema_version": 0,
          "attributes": {
            "allocation_id": "eipalloc-0566ad33be80b8e58",
            "id": "nat-0510c773055ba572b",
            "network_interface_id": "eni-012ceb25505e41c2c",
            "private_ip": "10.0.0.88",
            "public_ip": "3.10.111.162",
            "subnet_id": "subnet-05ebf994c12e5ccfe",
            "tags": null
          },
          "private": "bnVsbA==",
          "depends_on": [
            "aws_eip.nat",
            "aws_subnet.public"
          ]
        },
        {
          "index_key": 1,
          "schema_version": 0,
          "attributes": {
            "allocation_id": "eipalloc-09e9a171093c4ee83",
            "id": "nat-07976cf1d58176f86",
            "network_interface_id": "eni-05291af0926796cce",
            "private_ip": "10.0.1.231",
            "public_ip": "3.10.159.204",
            "subnet_id": "subnet-0e1ff9d5ccfc95d8c",
            "tags": null
          },
          "private": "bnVsbA==",
          "depends_on": [
            "aws_eip.nat",
            "aws_subnet.public"
          ]
        }
      ]
    },
    {
      "mode": "managed",
      "type": "aws_route_table",
      "name": "private",
      "each": "list",
      "provider": "provider.aws",
      "instances": [
        {
          "index_key": 0,
          "schema_version": 0,
          "attributes": {
            "id": "rtb-0d84e630ef91c4755",
            "owner_id": "100753669199",
            "propagating_vgws": [],
            "route": [
              {
                "cidr_block": "0.0.0.0/0",
                "egress_only_gateway_id": "",
                "gateway_id": "",
                "instance_id": "",
                "ipv6_cidr_block": "",
                "nat_gateway_id": "nat-0510c773055ba572b",
                "network_interface_id": "",
                "transit_gateway_id": "",
                "vpc_peering_connection_id": ""
              }
            ],
            "tags": {
              "Name": "seanyreport-prod-private-routes",
              "environment": "prod",
              "managed_by": "seannyeagles"
            },
            "vpc_id": "vpc-0da12e3dac4cc00db"
          },
          "private": "bnVsbA==",
          "depends_on": [
            "aws_nat_gateway.gw",
            "aws_vpc.vpc"
          ]
        },
        {
          "index_key": 1,
          "schema_version": 0,
          "attributes": {
            "id": "rtb-0a064eda6e684ac14",
            "owner_id": "100753669199",
            "propagating_vgws": [],
            "route": [
              {
                "cidr_block": "0.0.0.0/0",
                "egress_only_gateway_id": "",
                "gateway_id": "",
                "instance_id": "",
                "ipv6_cidr_block": "",
                "nat_gateway_id": "nat-07976cf1d58176f86",
                "network_interface_id": "",
                "transit_gateway_id": "",
                "vpc_peering_connection_id": ""
              }
            ],
            "tags": {
              "Name": "seanyreport-prod-private-routes",
              "environment": "prod",
              "managed_by": "seannyeagles"
            },
            "vpc_id": "vpc-0da12e3dac4cc00db"
          },
          "private": "bnVsbA==",
          "depends_on": [
            "aws_nat_gateway.gw",
            "aws_vpc.vpc"
          ]
        }
      ]
    },
    {
      "mode": "managed",
      "type": "aws_route_table",
      "name": "public",
      "each": "list",
      "provider": "provider.aws",
      "instances": [
        {
          "index_key": 0,
          "schema_version": 0,
          "attributes": {
            "id": "rtb-0087a46e85457c32e",
            "owner_id": "100753669199",
            "propagating_vgws": [],
            "route": [
              {
                "cidr_block": "0.0.0.0/0",
                "egress_only_gateway_id": "",
                "gateway_id": "igw-06fce35b76dabb803",
                "instance_id": "",
                "ipv6_cidr_block": "",
                "nat_gateway_id": "",
                "network_interface_id": "",
                "transit_gateway_id": "",
                "vpc_peering_connection_id": ""
              }
            ],
            "tags": {
              "Name": "seanyreport-prod-public-routes",
              "environment": "prod",
              "managed_by": "seannyeagles"
            },
            "vpc_id": "vpc-0da12e3dac4cc00db"
          },
          "private": "bnVsbA==",
          "depends_on": [
            "aws_internet_gateway.ig",
            "aws_vpc.vpc"
          ]
        },
        {
          "index_key": 1,
          "schema_version": 0,
          "attributes": {
            "id": "rtb-08148c3a0ac252d70",
            "owner_id": "100753669199",
            "propagating_vgws": [],
            "route": [
              {
                "cidr_block": "0.0.0.0/0",
                "egress_only_gateway_id": "",
                "gateway_id": "igw-06fce35b76dabb803",
                "instance_id": "",
                "ipv6_cidr_block": "",
                "nat_gateway_id": "",
                "network_interface_id": "",
                "transit_gateway_id": "",
                "vpc_peering_connection_id": ""
              }
            ],
            "tags": {
              "Name": "seanyreport-prod-public-routes",
              "environment": "prod",
              "managed_by": "seannyeagles"
            },
            "vpc_id": "vpc-0da12e3dac4cc00db"
          },
          "private": "bnVsbA==",
          "depends_on": [
            "aws_internet_gateway.ig",
            "aws_vpc.vpc"
          ]
        }
      ]
    },
    {
      "mode": "managed",
      "type": "aws_route_table_association",
      "name": "private",
      "each": "list",
      "provider": "provider.aws",
      "instances": [
        {
          "index_key": 0,
          "schema_version": 0,
          "attributes": {
            "id": "rtbassoc-056ee698ef4f9fa33",
            "route_table_id": "rtb-0d84e630ef91c4755",
            "subnet_id": "subnet-0447fb7aa3c6447f5"
          },
          "private": "bnVsbA==",
          "depends_on": [
            "aws_route_table.private",
            "aws_subnet.private"
          ]
        },
        {
          "index_key": 1,
          "schema_version": 0,
          "attributes": {
            "id": "rtbassoc-086a624a96e1e69e2",
            "route_table_id": "rtb-0a064eda6e684ac14",
            "subnet_id": "subnet-0ec53c9434bcb1470"
          },
          "private": "bnVsbA==",
          "depends_on": [
            "aws_route_table.private",
            "aws_subnet.private"
          ]
        }
      ]
    },
    {
      "mode": "managed",
      "type": "aws_route_table_association",
      "name": "public",
      "each": "list",
      "provider": "provider.aws",
      "instances": [
        {
          "index_key": 0,
          "schema_version": 0,
          "attributes": {
            "id": "rtbassoc-0dd891a22353a9a7d",
            "route_table_id": "rtb-0087a46e85457c32e",
            "subnet_id": "subnet-05ebf994c12e5ccfe"
          },
          "private": "bnVsbA==",
          "depends_on": [
            "aws_route_table.public",
            "aws_subnet.public"
          ]
        },
        {
          "index_key": 1,
          "schema_version": 0,
          "attributes": {
            "id": "rtbassoc-00720f342aa3942fa",
            "route_table_id": "rtb-08148c3a0ac252d70",
            "subnet_id": "subnet-0e1ff9d5ccfc95d8c"
          },
          "private": "bnVsbA==",
          "depends_on": [
            "aws_route_table.public",
            "aws_subnet.public"
          ]
        }
      ]
    },
    {
      "mode": "managed",
      "type": "aws_security_group",
      "name": "alb_sg",
      "provider": "provider.aws",
      "instances": [
        {
          "schema_version": 1,
          "attributes": {
            "arn": "arn:aws:ec2:eu-west-2:100753669199:security-group/sg-092f302dd82c94dac",
            "description": "Managed by Terraform",
            "egress": [
              {
                "cidr_blocks": [
                  "0.0.0.0/0"
                ],
                "description": "",
                "from_port": 0,
                "ipv6_cidr_blocks": [],
                "prefix_list_ids": [],
                "protocol": "-1",
                "security_groups": [],
                "self": false,
                "to_port": 0
              }
            ],
            "id": "sg-092f302dd82c94dac",
            "ingress": [
              {
                "cidr_blocks": [
                  "0.0.0.0/0"
                ],
                "description": "",
                "from_port": 80,
                "ipv6_cidr_blocks": [],
                "prefix_list_ids": [],
                "protocol": "tcp",
                "security_groups": [],
                "self": false,
                "to_port": 80
              }
            ],
            "name": "seanyreport-prod-alb-sg",
            "name_prefix": null,
            "owner_id": "100753669199",
            "revoke_rules_on_delete": false,
            "tags": {
              "environment": "prod",
              "managed_by": "seannyeagles",
              "name": "seanyreport-prod-alb-sg"
            },
            "timeouts": null,
            "vpc_id": "vpc-0da12e3dac4cc00db"
          },
          "private": "eyJlMmJmYjczMC1lY2FhLTExZTYtOGY4OC0zNDM2M2JjN2M0YzAiOnsiY3JlYXRlIjo2MDAwMDAwMDAwMDAsImRlbGV0ZSI6NjAwMDAwMDAwMDAwfSwic2NoZW1hX3ZlcnNpb24iOiIxIn0=",
          "depends_on": [
            "aws_vpc.vpc"
          ]
        }
      ]
    },
    {
      "mode": "managed",
      "type": "aws_security_group",
      "name": "ecs_service",
      "provider": "provider.aws",
      "instances": [
        {
          "schema_version": 1,
          "attributes": {
            "arn": "arn:aws:ec2:eu-west-2:100753669199:security-group/sg-0c860bc1bb66ad02b",
            "description": "Allow egress from container",
            "egress": [
              {
                "cidr_blocks": [
                  "0.0.0.0/0"
                ],
                "description": "",
                "from_port": 0,
                "ipv6_cidr_blocks": [],
                "prefix_list_ids": [],
                "protocol": "-1",
                "security_groups": [],
                "self": false,
                "to_port": 0
              }
            ],
            "id": "sg-0c860bc1bb66ad02b",
            "ingress": [
              {
                "cidr_blocks": [],
                "description": "",
                "from_port": 3000,
                "ipv6_cidr_blocks": [],
                "prefix_list_ids": [],
                "protocol": "tcp",
                "security_groups": [
                  "sg-092f302dd82c94dac"
                ],
                "self": false,
                "to_port": 3000
              }
            ],
            "name": "seanyreport-prod-ecs-service-sg",
            "name_prefix": null,
            "owner_id": "100753669199",
            "revoke_rules_on_delete": false,
            "tags": {
              "environment": "prod",
              "managed_by": "seannyeagles",
              "name": "seanyreport-prod-ecs-service-sg"
            },
            "timeouts": null,
            "vpc_id": "vpc-0da12e3dac4cc00db"
          },
          "private": "eyJlMmJmYjczMC1lY2FhLTExZTYtOGY4OC0zNDM2M2JjN2M0YzAiOnsiY3JlYXRlIjo2MDAwMDAwMDAwMDAsImRlbGV0ZSI6NjAwMDAwMDAwMDAwfSwic2NoZW1hX3ZlcnNpb24iOiIxIn0=",
          "depends_on": [
            "aws_security_group.alb_sg",
            "aws_vpc.vpc"
          ]
        }
      ]
    },
    {
      "mode": "managed",
      "type": "aws_subnet",
      "name": "private",
      "each": "list",
      "provider": "provider.aws",
      "instances": [
        {
          "index_key": 0,
          "schema_version": 1,
          "attributes": {
            "arn": "arn:aws:ec2:eu-west-2:100753669199:subnet/subnet-0447fb7aa3c6447f5",
            "assign_ipv6_address_on_creation": false,
            "availability_zone": "eu-west-2a",
            "availability_zone_id": "euw2-az2",
            "cidr_block": "10.0.100.0/24",
            "id": "subnet-0447fb7aa3c6447f5",
            "ipv6_cidr_block": "",
            "ipv6_cidr_block_association_id": "",
            "map_public_ip_on_launch": false,
            "owner_id": "100753669199",
            "tags": {
              "Name": "seanyreport-prod-private-subnet-0",
              "environment": "prod",
              "managed_by": "seannyeagles"
            },
            "timeouts": null,
            "vpc_id": "vpc-0da12e3dac4cc00db"
          },
          "private": "eyJlMmJmYjczMC1lY2FhLTExZTYtOGY4OC0zNDM2M2JjN2M0YzAiOnsiY3JlYXRlIjo2MDAwMDAwMDAwMDAsImRlbGV0ZSI6MTIwMDAwMDAwMDAwMH0sInNjaGVtYV92ZXJzaW9uIjoiMSJ9",
          "depends_on": [
            "aws_vpc.vpc",
            "data.aws_availability_zones.available"
          ]
        },
        {
          "index_key": 1,
          "schema_version": 1,
          "attributes": {
            "arn": "arn:aws:ec2:eu-west-2:100753669199:subnet/subnet-0ec53c9434bcb1470",
            "assign_ipv6_address_on_creation": false,
            "availability_zone": "eu-west-2b",
            "availability_zone_id": "euw2-az3",
            "cidr_block": "10.0.101.0/24",
            "id": "subnet-0ec53c9434bcb1470",
            "ipv6_cidr_block": "",
            "ipv6_cidr_block_association_id": "",
            "map_public_ip_on_launch": false,
            "owner_id": "100753669199",
            "tags": {
              "Name": "seanyreport-prod-private-subnet-1",
              "environment": "prod",
              "managed_by": "seannyeagles"
            },
            "timeouts": null,
            "vpc_id": "vpc-0da12e3dac4cc00db"
          },
          "private": "eyJlMmJmYjczMC1lY2FhLTExZTYtOGY4OC0zNDM2M2JjN2M0YzAiOnsiY3JlYXRlIjo2MDAwMDAwMDAwMDAsImRlbGV0ZSI6MTIwMDAwMDAwMDAwMH0sInNjaGVtYV92ZXJzaW9uIjoiMSJ9",
          "depends_on": [
            "aws_vpc.vpc",
            "data.aws_availability_zones.available"
          ]
        }
      ]
    },
    {
      "mode": "managed",
      "type": "aws_subnet",
      "name": "public",
      "each": "list",
      "provider": "provider.aws",
      "instances": [
        {
          "index_key": 0,
          "schema_version": 1,
          "attributes": {
            "arn": "arn:aws:ec2:eu-west-2:100753669199:subnet/subnet-05ebf994c12e5ccfe",
            "assign_ipv6_address_on_creation": false,
            "availability_zone": "eu-west-2a",
            "availability_zone_id": "euw2-az2",
            "cidr_block": "10.0.0.0/24",
            "id": "subnet-05ebf994c12e5ccfe",
            "ipv6_cidr_block": "",
            "ipv6_cidr_block_association_id": "",
            "map_public_ip_on_launch": false,
            "owner_id": "100753669199",
            "tags": {
              "Name": "seanyreport-prod-public-subnet-0",
              "environment": "prod",
              "managed_by": "seannyeagles"
            },
            "timeouts": null,
            "vpc_id": "vpc-0da12e3dac4cc00db"
          },
          "private": "eyJlMmJmYjczMC1lY2FhLTExZTYtOGY4OC0zNDM2M2JjN2M0YzAiOnsiY3JlYXRlIjo2MDAwMDAwMDAwMDAsImRlbGV0ZSI6MTIwMDAwMDAwMDAwMH0sInNjaGVtYV92ZXJzaW9uIjoiMSJ9",
          "depends_on": [
            "aws_vpc.vpc",
            "data.aws_availability_zones.available"
          ]
        },
        {
          "index_key": 1,
          "schema_version": 1,
          "attributes": {
            "arn": "arn:aws:ec2:eu-west-2:100753669199:subnet/subnet-0e1ff9d5ccfc95d8c",
            "assign_ipv6_address_on_creation": false,
            "availability_zone": "eu-west-2b",
            "availability_zone_id": "euw2-az3",
            "cidr_block": "10.0.1.0/24",
            "id": "subnet-0e1ff9d5ccfc95d8c",
            "ipv6_cidr_block": "",
            "ipv6_cidr_block_association_id": "",
            "map_public_ip_on_launch": false,
            "owner_id": "100753669199",
            "tags": {
              "Name": "seanyreport-prod-public-subnet-1",
              "environment": "prod",
              "managed_by": "seannyeagles"
            },
            "timeouts": null,
            "vpc_id": "vpc-0da12e3dac4cc00db"
          },
          "private": "eyJlMmJmYjczMC1lY2FhLTExZTYtOGY4OC0zNDM2M2JjN2M0YzAiOnsiY3JlYXRlIjo2MDAwMDAwMDAwMDAsImRlbGV0ZSI6MTIwMDAwMDAwMDAwMH0sInNjaGVtYV92ZXJzaW9uIjoiMSJ9",
          "depends_on": [
            "aws_vpc.vpc",
            "data.aws_availability_zones.available"
          ]
        }
      ]
    },
    {
      "mode": "managed",
      "type": "aws_vpc",
      "name": "vpc",
      "provider": "provider.aws",
      "instances": [
        {
          "schema_version": 1,
          "attributes": {
            "arn": "arn:aws:ec2:eu-west-2:100753669199:vpc/vpc-0da12e3dac4cc00db",
            "assign_generated_ipv6_cidr_block": false,
            "cidr_block": "10.0.0.0/16",
            "default_network_acl_id": "acl-04665d357d385e413",
            "default_route_table_id": "rtb-013a53566f080d605",
            "default_security_group_id": "sg-0ff227b2fa4dc6d18",
            "dhcp_options_id": "dopt-ec4f3a84",
            "enable_classiclink": null,
            "enable_classiclink_dns_support": null,
            "enable_dns_hostnames": true,
            "enable_dns_support": true,
            "id": "vpc-0da12e3dac4cc00db",
            "instance_tenancy": "default",
            "ipv6_association_id": "",
            "ipv6_cidr_block": "",
            "main_route_table_id": "rtb-013a53566f080d605",
            "owner_id": "100753669199",
            "tags": {
              "Name": "seanyreport-prod-vpc",
              "environment": "prod",
              "managed_by": "seannyeagles"
            }
          },
          "private": "eyJzY2hlbWFfdmVyc2lvbiI6IjEifQ=="
        }
      ]
    }
  ]
}
